{"filter":false,"title":"package-lock.json","tooltip":"/package-lock.json","undoManager":{"mark":7,"position":7,"stack":[[{"start":{"row":3,"column":19},"end":{"row":4,"column":0},"action":"insert","lines":["",""],"id":2},{"start":{"row":4,"column":0},"end":{"row":4,"column":2},"action":"insert","lines":["  "]}],[{"start":{"row":4,"column":2},"end":{"row":4,"column":15},"action":"insert","lines":["Nodetest-env "],"id":3}],[{"start":{"row":4,"column":2},"end":{"row":4,"column":15},"action":"remove","lines":["Nodetest-env "],"id":4},{"start":{"row":4,"column":2},"end":{"row":4,"column":15},"action":"insert","lines":["Nodetest-env "]}],[{"start":{"row":4,"column":1},"end":{"row":4,"column":15},"action":"remove","lines":[" Nodetest-env "],"id":5},{"start":{"row":4,"column":1},"end":{"row":6,"column":3},"action":"insert","lines":["  \"scripts\": {","    \"start\": \"node build.js\"","  }"]}],[{"start":{"row":4,"column":2},"end":{"row":4,"column":3},"action":"remove","lines":[" "],"id":6}],[{"start":{"row":6,"column":3},"end":{"row":6,"column":4},"action":"insert","lines":[","],"id":7}],[{"start":{"row":5,"column":19},"end":{"row":5,"column":20},"action":"insert","lines":["l"],"id":8},{"start":{"row":5,"column":20},"end":{"row":5,"column":21},"action":"insert","lines":["i"]},{"start":{"row":5,"column":21},"end":{"row":5,"column":22},"action":"insert","lines":["b"]},{"start":{"row":5,"column":22},"end":{"row":5,"column":23},"action":"insert","lines":["/"]}],[{"start":{"row":3,"column":19},"end":{"row":6,"column":4},"action":"remove","lines":["","  \"scripts\": {","    \"start\": \"node lib/build.js\"","  },"],"id":9}]]},"ace":{"folds":[],"scrolltop":0,"scrollleft":0,"selection":{"start":{"row":3,"column":19},"end":{"row":3,"column":19},"isBackwards":false},"options":{"guessTabSize":true,"useWrapMode":false,"wrapToView":true},"firstLineState":0},"timestamp":1697258586160,"hash":"6d4eed53932b80e448fa1c9727a118f3a86ee926"}